{
  "version": 4,
  "terraform_version": "1.5.6",
  "serial": 18,
  "lineage": "7cad07ed-820d-a32a-9a38-a93c5ba04013",
  "outputs": {},
  "resources": [
    {
      "mode": "managed",
      "type": "newrelic_alert_policy",
      "name": "policy1",
      "provider": "provider[\"registry.terraform.io/newrelic/newrelic\"]",
      "instances": [
        {
          "schema_version": 0,
          "attributes": {
            "account_id": 4411834,
            "channel_ids": null,
            "id": "5250470",
            "incident_preference": "PER_POLICY",
            "name": "alertpolicy-2"
          },
          "sensitive_attributes": [],
          "private": "bnVsbA=="
        }
      ]
    },
    {
      "mode": "managed",
      "type": "newrelic_nrql_alert_condition",
      "name": "alert_condition",
      "provider": "provider[\"registry.terraform.io/newrelic/newrelic\"]",
      "instances": [
        {
          "index_key": "1",
          "schema_version": 0,
          "attributes": {
            "account_id": 4411834,
            "aggregation_delay": "120",
            "aggregation_method": "event_flow",
            "aggregation_timer": null,
            "aggregation_window": 60,
            "baseline_direction": "upper_and_lower",
            "close_violations_on_expiration": true,
            "critical": [
              {
                "duration": 0,
                "operator": "above",
                "threshold": 5.5,
                "threshold_duration": 300,
                "threshold_occurrences": "all",
                "time_function": ""
              }
            ],
            "description": "Alert when transactions are taking too long",
            "enabled": true,
            "entity_guid": "NDQxMTgzNHxBSU9QU3xDT05ESVRJT058NDA5OTg1MTg",
            "evaluation_delay": null,
            "expiration_duration": 120,
            "fill_option": "static",
            "fill_value": 1,
            "id": "5250470:40998518",
            "name": "Warning \u0026 Critical(static)",
            "nrql": [
              {
                "evaluation_offset": 0,
                "query": "SELECT average(duration) FROM Transaction where appName = 'Your App'",
                "since_value": ""
              }
            ],
            "open_violation_on_expiration": true,
            "policy_id": 5250470,
            "runbook_url": "https://www.example.com",
            "slide_by": 30,
            "term": [],
            "timeouts": null,
            "type": "static",
            "violation_time_limit": "ONE_HOUR",
            "violation_time_limit_seconds": 3600,
            "warning": [
              {
                "duration": 0,
                "operator": "above",
                "threshold": 3.5,
                "threshold_duration": 600,
                "threshold_occurrences": "all",
                "time_function": ""
              }
            ]
          },
          "sensitive_attributes": [],
          "private": "eyJlMmJmYjczMC1lY2FhLTExZTYtOGY4OC0zNDM2M2JjN2M0YzAiOnsiY3JlYXRlIjozMDAwMDAwMDAwMH19",
          "dependencies": [
            "newrelic_alert_policy.policy1"
          ]
        },
        {
          "index_key": "2",
          "schema_version": 0,
          "attributes": {
            "account_id": 4411834,
            "aggregation_delay": "120",
            "aggregation_method": "event_flow",
            "aggregation_timer": null,
            "aggregation_window": 60,
            "baseline_direction": "UPPER_AND_LOWER",
            "close_violations_on_expiration": true,
            "critical": [
              {
                "duration": 0,
                "operator": "above",
                "threshold": 5.5,
                "threshold_duration": 300,
                "threshold_occurrences": "all",
                "time_function": ""
              }
            ],
            "description": "Alert when transactions are taking too long",
            "enabled": true,
            "entity_guid": "NDQxMTgzNHxBSU9QU3xDT05ESVRJT058NDEwNDc5NjA",
            "evaluation_delay": null,
            "expiration_duration": 120,
            "fill_option": "static",
            "fill_value": 1,
            "id": "5250470:41047960",
            "name": "Critical (baseline)",
            "nrql": [
              {
                "evaluation_offset": 0,
                "query": "SELECT average(duration) FROM Transaction where appName = 'Your App'",
                "since_value": ""
              }
            ],
            "open_violation_on_expiration": true,
            "policy_id": 5250470,
            "runbook_url": "https://www.example.com",
            "slide_by": 30,
            "term": [],
            "timeouts": null,
            "type": "baseline",
            "violation_time_limit": "ONE_HOUR",
            "violation_time_limit_seconds": 3600,
            "warning": []
          },
          "sensitive_attributes": [],
          "private": "eyJlMmJmYjczMC1lY2FhLTExZTYtOGY4OC0zNDM2M2JjN2M0YzAiOnsiY3JlYXRlIjozMDAwMDAwMDAwMH19",
          "dependencies": [
            "newrelic_alert_policy.policy1"
          ]
        }
      ]
    }
  ],
  "check_results": null
}
